
Microsoft Visual Studio Solution File, Format Version 12.00
# Visual Studio Version 16
VisualStudioVersion = 16.0.30413.136
MinimumVisualStudioVersion = 10.0.40219.1
Project("{FAE04EC0-301F-11D3-BF4B-00C04F79EFBC}") = "Cadastro", "Cadastro\Cadastro.csproj", "{4980C293-E369-45C7-9027-C919AFA9146B}"
EndProject
Global
	GlobalSection(SolutionConfigurationPlatforms) = preSolution
		Debug|Any CPU = Debug|Any CPU
		Release|Any CPU = Release|Any CPU
	EndGlobalSection
	GlobalSection(ProjectConfigurationPlatforms) = postSolution
		{4980C293-E369-45C7-9027-C919AFA9146B}.Debug|Any CPU.ActiveCfg = Debug|Any CPU
		{4980C293-E369-45C7-9027-C919AFA9146B}.Debug|Any CPU.Build.0 = Debug|Any CPU
		{4980C293-E369-45C7-9027-C919AFA9146B}.Release|Any CPU.ActiveCfg = Release|Any CPU
		{4980C293-E369-45C7-9027-C919AFA9146B}.Release|Any CPU.Build.0 = Release|Any CPU
	EndGlobalSection
	GlobalSection(SolutionProperties) = preSolution
		HideSolutionNode = FALSE
	EndGlobalSection
	GlobalSection(ExtensibilityGlobals) = postSolution
		SolutionGuid = {59AE9A47-91E0-4781-B7A5-A3849261BC95}
	EndGlobalSection
EndGlobal
